// !$*UTF8*$!
{
	archiveVersion = 1;
	classes = {
	};
	objectVersion = 50;
	objects = {

/* Begin PBXBuildFile section */
		7F0E18DE249D8615009296BB /* TaskStore.swift in Sources */ = {isa = PBXBuildFile; fileRef = 7F0E18DD249D8615009296BB /* TaskStore.swift */; };
		7F3303892492F19900EB4B5D /* KeyboardHeightHelper.swift in Sources */ = {isa = PBXBuildFile; fileRef = 7F3303882492F19900EB4B5D /* KeyboardHeightHelper.swift */; };
		7F48F1A52499A818001C26B2 /* BlurView.swift in Sources */ = {isa = PBXBuildFile; fileRef = 7F48F1A42499A818001C26B2 /* BlurView.swift */; };
		7FEA01A92491A798004812CC /* AppDelegate.swift in Sources */ = {isa = PBXBuildFile; fileRef = 7FEA01A82491A798004812CC /* AppDelegate.swift */; };
		7FEA01AB2491A798004812CC /* SceneDelegate.swift in Sources */ = {isa = PBXBuildFile; fileRef = 7FEA01AA2491A798004812CC /* SceneDelegate.swift */; };
		7FEA01AD2491A798004812CC /* ContentView.swift in Sources */ = {isa = PBXBuildFile; fileRef = 7FEA01AC2491A798004812CC /* ContentView.swift */; };
		7FEA01AF2491A79B004812CC /* Assets.xcassets in Resources */ = {isa = PBXBuildFile; fileRef = 7FEA01AE2491A79B004812CC /* Assets.xcassets */; };
		7FEA01B22491A79B004812CC /* Preview Assets.xcassets in Resources */ = {isa = PBXBuildFile; fileRef = 7FEA01B12491A79B004812CC /* Preview Assets.xcassets */; };
		7FEA01B52491A79B004812CC /* LaunchScreen.storyboard in Resources */ = {isa = PBXBuildFile; fileRef = 7FEA01B32491A79B004812CC /* LaunchScreen.storyboard */; };
/* End PBXBuildFile section */

/* Begin PBXFileReference section */
		7F0E18DD249D8615009296BB /* TaskStore.swift */ = {isa = PBXFileReference; lastKnownFileType = sourcecode.swift; path = TaskStore.swift; sourceTree = "<group>"; };
		7F3303882492F19900EB4B5D /* KeyboardHeightHelper.swift */ = {isa = PBXFileReference; lastKnownFileType = sourcecode.swift; path = KeyboardHeightHelper.swift; sourceTree = "<group>"; };
		7F48F1A42499A818001C26B2 /* BlurView.swift */ = {isa = PBXFileReference; fileEncoding = 4; lastKnownFileType = sourcecode.swift; path = BlurView.swift; sourceTree = "<group>"; };
		7FEA01A52491A798004812CC /* ToDoodle.app */ = {isa = PBXFileReference; explicitFileType = wrapper.application; includeInIndex = 0; path = ToDoodle.app; sourceTree = BUILT_PRODUCTS_DIR; };
		7FEA01A82491A798004812CC /* AppDelegate.swift */ = {isa = PBXFileReference; lastKnownFileType = sourcecode.swift; path = AppDelegate.swift; sourceTree = "<group>"; };
		7FEA01AA2491A798004812CC /* SceneDelegate.swift */ = {isa = PBXFileReference; lastKnownFileType = sourcecode.swift; path = SceneDelegate.swift; sourceTree = "<group>"; };
		7FEA01AC2491A798004812CC /* ContentView.swift */ = {isa = PBXFileReference; lastKnownFileType = sourcecode.swift; path = ContentView.swift; sourceTree = "<group>"; };
		7FEA01AE2491A79B004812CC /* Assets.xcassets */ = {isa = PBXFileReference; lastKnownFileType = folder.assetcatalog; path = Assets.xcassets; sourceTree = "<group>"; };
		7FEA01B12491A79B004812CC /* Preview Assets.xcassets */ = {isa = PBXFileReference; lastKnownFileType = folder.assetcatalog; path = "Preview Assets.xcassets"; sourceTree = "<group>"; };
		7FEA01B42491A79B004812CC /* Base */ = {isa = PBXFileReference; lastKnownFileType = file.storyboard; name = Base; path = Base.lproj/LaunchScreen.storyboard; sourceTree = "<group>"; };
		7FEA01B62491A79B004812CC /* Info.plist */ = {isa = PBXFileReference; lastKnownFileType = text.plist.xml; path = Info.plist; sourceTree = "<group>"; };
/* End PBXFileReference section */

/* Begin PBXFrameworksBuildPhase section */
		7FEA01A22491A798004812CC /* Frameworks */ = {
			isa = PBXFrameworksBuildPhase;
			buildActionMask = 2147483647;
			files = (
			);
			runOnlyForDeploymentPostprocessing = 0;
		};
/* End PBXFrameworksBuildPhase section */

/* Begin PBXGroup section */
		7FEA019C2491A797004812CC = {
			isa = PBXGroup;
			children = (
				7FEA01A72491A798004812CC /* ToDoodle */,
				7FEA01A62491A798004812CC /* Products */,
			);
			sourceTree = "<group>";
		};
		7FEA01A62491A798004812CC /* Products */ = {
			isa = PBXGroup;
			children = (
				7FEA01A52491A798004812CC /* ToDoodle.app */,
			);
			name = Products;
			sourceTree = "<group>";
		};
		7FEA01A72491A798004812CC /* ToDoodle */ = {
			isa = PBXGroup;
			children = (
				7FEA01A82491A798004812CC /* AppDelegate.swift */,
				7FEA01AA2491A798004812CC /* SceneDelegate.swift */,
				7FEA01AC2491A798004812CC /* ContentView.swift */,
				7F0E18DD249D8615009296BB /* TaskStore.swift */,
				7F3303882492F19900EB4B5D /* KeyboardHeightHelper.swift */,
				7F48F1A42499A818001C26B2 /* BlurView.swift */,
				7FEA01AE2491A79B004812CC /* Assets.xcassets */,
				7FEA01B32491A79B004812CC /* LaunchScreen.storyboard */,
				7FEA01B62491A79B004812CC /* Info.plist */,
				7FEA01B02491A79B004812CC /* Preview Content */,
			);
			path = ToDoodle;
			sourceTree = "<group>";
		};
		7FEA01B02491A79B004812CC /* Preview Content */ = {
			isa = PBXGroup;
			children = (
				7FEA01B12491A79B004812CC /* Preview Assets.xcassets */,
			);
			path = "Preview Content";
			sourceTree = "<group>";
		};
/* End PBXGroup section */

/* Begin PBXNativeTarget section */
		7FEA01A42491A798004812CC /* ToDoodle */ = {
			isa = PBXNativeTarget;
			buildConfigurationList = 7FEA01B92491A79B004812CC /* Build configuration list for PBXNativeTarget "ToDoodle" */;
			buildPhases = (
				7FEA01A12491A798004812CC /* Sources */,
				7FEA01A22491A798004812CC /* Frameworks */,
				7FEA01A32491A798004812CC /* Resources */,
			);
			buildRules = (
			);
			dependencies = (
			);
			name = ToDoodle;
			productName = ToDid;
			productReference = 7FEA01A52491A798004812CC /* ToDoodle.app */;
			productType = "com.apple.product-type.application";
		};
/* End PBXNativeTarget section */

/* Begin PBXProject section */
		7FEA019D2491A797004812CC /* Project object */ = {
			isa = PBXProject;
			attributes = {
				LastSwiftUpdateCheck = 1150;
				LastUpgradeCheck = 1150;
				ORGANIZATIONNAME = "Jared Pendergraft Designs";
				TargetAttributes = {
					7FEA01A42491A798004812CC = {
						CreatedOnToolsVersion = 11.5;
					};
				};
			};
			buildConfigurationList = 7FEA01A02491A797004812CC /* Build configuration list for PBXProject "ToDoodle" */;
			compatibilityVersion = "Xcode 9.3";
			developmentRegion = en;
			hasScannedForEncodings = 0;
			knownRegions = (
				en,
				Base,
			);
			mainGroup = 7FEA019C2491A797004812CC;
			productRefGroup = 7FEA01A62491A798004812CC /* Products */;
			projectDirPath = "";
			projectRoot = "";
			targets = (
				7FEA01A42491A798004812CC /* ToDoodle */,
			);
		};
/* End PBXProject section */

/* Begin PBXResourcesBuildPhase section */
		7FEA01A32491A798004812CC /* Resources */ = {
			isa = PBXResourcesBuildPhase;
			buildActionMask = 2147483647;
			files = (
				7FEA01B52491A79B004812CC /* LaunchScreen.storyboard in Resources */,
				7FEA01B22491A79B004812CC /* Preview Assets.xcassets in Resources */,
				7FEA01AF2491A79B004812CC /* Assets.xcassets in Resources */,
			);
			runOnlyForDeploymentPostprocessing = 0;
		};
/* End PBXResourcesBuildPhase section */

/* Begin PBXSourcesBuildPhase section */
		7FEA01A12491A798004812CC /* Sources */ = {
			isa = PBXSourcesBuildPhase;
			buildActionMask = 2147483647;
			files = (
				7F0E18DE249D8615009296BB /* TaskStore.swift in Sources */,
				7F3303892492F19900EB4B5D /* KeyboardHeightHelper.swift in Sources */,
				7FEA01A92491A798004812CC /* AppDelegate.swift in Sources */,
				7FEA01AB2491A798004812CC /* SceneDelegate.swift in Sources */,
				7FEA01AD2491A798004812CC /* ContentView.swift in Sources */,
				7F48F1A52499A818001C26B2 /* BlurView.swift in Sources */,
			);
			runOnlyForDeploymentPostprocessing = 0;
		};
/* End PBXSourcesBuildPhase section */

/* Begin PBXVariantGroup section */
		7FEA01B32491A79B004812CC /* LaunchScreen.storyboard */ = {
			isa = PBXVariantGroup;
			children = (
				7FEA01B42491A79B004812CC /* Base */,
			);
			name = LaunchScreen.storyboard;
			sourceTree = "<group>";
		};
/* End PBXVariantGroup section */

/* Begin XCBuildConfiguration section */
		7FEA01B72491A79B004812CC /* Debug */ = {
			isa = XCBuildConfiguration;
			buildSettings = {
				ALWAYS_SEARCH_USER_PATHS = NO;
				CLANG_ANALYZER_NONNULL = YES;
				CLANG_ANALYZER_NUMBER_OBJECT_CONVERSION = YES_AGGRESSIVE;
				CLANG_CXX_LANGUAGE_STANDARD = "gnu++14";
				CLANG_CXX_LIBRARY = "libc++";
				CLANG_ENABLE_MODULES = YES;
				CLANG_ENABLE_OBJC_ARC = YES;
				CLANG_ENABLE_OBJC_WEAK = YES;
				CLANG_WARN_BLOCK_CAPTURE_AUTORELEASING = YES;
				CLANG_WARN_BOOL_CONVERSION = YES;
				CLANG_WARN_COMMA = YES;
				CLANG_WARN_CONSTANT_CONVERSION = YES;
				CLANG_WARN_DEPRECATED_OBJC_IMPLEMENTATIONS = YES;
				CLANG_WARN_DIRECT_OBJC_ISA_USAGE = YES_ERROR;
				CLANG_WARN_DOCUMENTATION_COMMENTS = YES;
				CLANG_WARN_EMPTY_BODY = YES;
				CLANG_WARN_ENUM_CONVERSION = YES;
				CLANG_WARN_INFINITE_RECURSION = YES;
				CLANG_WARN_INT_CONVERSION = YES;
				CLANG_WARN_NON_LITERAL_NULL_CONVERSION = YES;
				CLANG_WARN_OBJC_IMPLICIT_RETAIN_SELF = YES;
				CLANG_WARN_OBJC_LITERAL_CONVERSION = YES;
				CLANG_WARN_OBJC_ROOT_CLASS = YES_ERROR;
				CLANG_WARN_RANGE_LOOP_ANALYSIS = YES;
				CLANG_WARN_STRICT_PROTOTYPES = YES;
				CLANG_WARN_SUSPICIOUS_MOVE = YES;
				CLANG_WARN_UNGUARDED_AVAILABILITY = YES_AGGRESSIVE;
				CLANG_WARN_UNREACHABLE_CODE = YES;
				CLANG_WARN__DUPLICATE_METHOD_MATCH = YES;
				COPY_PHASE_STRIP = NO;
				DEBUG_INFORMATION_FORMAT = dwarf;
				ENABLE_STRICT_OBJC_MSGSEND = YES;
				ENABLE_TESTABILITY = YES;
				GCC_C_LANGUAGE_STANDARD = gnu11;
				GCC_DYNAMIC_NO_PIC = NO;
				GCC_NO_COMMON_BLOCKS = YES;
				GCC_OPTIMIZATION_LEVEL = 0;
				GCC_PREPROCESSOR_DEFINITIONS = (
					"DEBUG=1",
					"$(inherited)",
				);
				GCC_WARN_64_TO_32_BIT_CONVERSION = YES;
				GCC_WARN_ABOUT_RETURN_TYPE = YES_ERROR;
				GCC_WARN_UNDECLARED_SELECTOR = YES;
				GCC_WARN_UNINITIALIZED_AUTOS = YES_AGGRESSIVE;
				GCC_WARN_UNUSED_FUNCTION = YES;
				GCC_WARN_UNUSED_VARIABLE = YES;
				IPHONEOS_DEPLOYMENT_TARGET = 13.5;
				MTL_ENABLE_DEBUG_INFO = INCLUDE_SOURCE;
				MTL_FAST_MATH = YES;
				ONLY_ACTIVE_ARCH = YES;
				SDKROOT = iphoneos;
				SWIFT_ACTIVE_COMPILATION_CONDITIONS = DEBUG;
				SWIFT_OPTIMIZATION_LEVEL = "-Onone";
			};
			name = Debug;
		};
		7FEA01B82491A79B004812CC /* Release */ = {
			isa = XCBuildConfiguration;
			buildSettings = {
				ALWAYS_SEARCH_USER_PATHS = NO;
				CLANG_ANALYZER_NONNULL = YES;
				CLANG_ANALYZER_NUMBER_OBJECT_CONVERSION = YES_AGGRESSIVE;
				CLANG_CXX_LANGUAGE_STANDARD = "gnu++14";
				CLANG_CXX_LIBRARY = "libc++";
				CLANG_ENABLE_MODULES = YES;
				CLANG_ENABLE_OBJC_ARC = YES;
				CLANG_ENABLE_OBJC_WEAK = YES;
				CLANG_WARN_BLOCK_CAPTURE_AUTORELEASING = YES;
				CLANG_WARN_BOOL_CONVERSION = YES;
				CLANG_WARN_COMMA = YES;
				CLANG_WARN_CONSTANT_CONVERSION = YES;
				CLANG_WARN_DEPRECATED_OBJC_IMPLEMENTATIONS = YES;
				CLANG_WARN_DIRECT_OBJC_ISA_USAGE = YES_ERROR;
				CLANG_WARN_DOCUMENTATION_COMMENTS = YES;
				CLANG_WARN_EMPTY_BODY = YES;
				CLANG_WARN_ENUM_CONVERSION = YES;
				CLANG_WARN_INFINITE_RECURSION = YES;
				CLANG_WARN_INT_CONVERSION = YES;
				CLANG_WARN_NON_LITERAL_NULL_CONVERSION = YES;
				CLANG_WARN_OBJC_IMPLICIT_RETAIN_SELF = YES;
				CLANG_WARN_OBJC_LITERAL_CONVERSION = YES;
				CLANG_WARN_OBJC_ROOT_CLASS = YES_ERROR;
				CLANG_WARN_RANGE_LOOP_ANALYSIS = YES;
				CLANG_WARN_STRICT_PROTOTYPES = YES;
				CLANG_WARN_SUSPICIOUS_MOVE = YES;
				CLANG_WARN_UNGUARDED_AVAILABILITY = YES_AGGRESSIVE;
				CLANG_WARN_UNREACHABLE_CODE = YES;
				CLANG_WARN__DUPLICATE_METHOD_MATCH = YES;
				COPY_PHASE_STRIP = NO;
				DEBUG_INFORMATION_FORMAT = "dwarf-with-dsym";
				ENABLE_NS_ASSERTIONS = NO;
				ENABLE_STRICT_OBJC_MSGSEND = YES;
				GCC_C_LANGUAGE_STANDARD = gnu11;
				GCC_NO_COMMON_BLOCKS = YES;
				GCC_WARN_64_TO_32_BIT_CONVERSION = YES;
				GCC_WARN_ABOUT_RETURN_TYPE = YES_ERROR;
				GCC_WARN_UNDECLARED_SELECTOR = YES;
				GCC_WARN_UNINITIALIZED_AUTOS = YES_AGGRESSIVE;
				GCC_WARN_UNUSED_FUNCTION = YES;
				GCC_WARN_UNUSED_VARIABLE = YES;
				IPHONEOS_DEPLOYMENT_TARGET = 13.5;
				MTL_ENABLE_DEBUG_INFO = NO;
				MTL_FAST_MATH = YES;
				SDKROOT = iphoneos;
				SWIFT_COMPILATION_MODE = wholemodule;
				SWIFT_OPTIMIZATION_LEVEL = "-O";
				VALIDATE_PRODUCT = YES;
			};
			name = Release;
		};
		7FEA01BA2491A79B004812CC /* Debug */ = {
			isa = XCBuildConfiguration;
			buildSettings = {
				ASSETCATALOG_COMPILER_APPICON_NAME = AppIcon;
				CODE_SIGN_STYLE = Automatic;
				DEVELOPMENT_ASSET_PATHS = "\"ToDoodle/Preview Content\"";
				DEVELOPMENT_TEAM = 2U6Q2LWV8X;
				ENABLE_PREVIEWS = YES;
				INFOPLIST_FILE = "$(SRCROOT)/ToDoodle/Info.plist";
				LD_RUNPATH_SEARCH_PATHS = (
					"$(inherited)",
					"@executable_path/Frameworks",
				);
				PRODUCT_BUNDLE_IDENTIFIER = com.jaredpendergraft.ToDoodle;
				PRODUCT_NAME = ToDoodle;
				SWIFT_VERSION = 5.0;
				TARGETED_DEVICE_FAMILY = "1,2";
			};
			name = Debug;
		};
		7FEA01BB2491A79B004812CC /* Release */ = {
			isa = XCBuildConfiguration;
			buildSettings = {
				ASSETCATALOG_COMPILER_APPICON_NAME = AppIcon;
				CODE_SIGN_STYLE = Automatic;
				DEVELOPMENT_ASSET_PATHS = "\"ToDoodle/Preview Content\"";
				DEVELOPMENT_TEAM = 2U6Q2LWV8X;
				ENABLE_PREVIEWS = YES;
				INFOPLIST_FILE = "$(SRCROOT)/ToDoodle/Info.plist";
				LD_RUNPATH_SEARCH_PATHS = (
					"$(inherited)",
					"@executable_path/Frameworks",
				);
				PRODUCT_BUNDLE_IDENTIFIER = com.jaredpendergraft.ToDoodle;
				PRODUCT_NAME = ToDoodle;
				SWIFT_VERSION = 5.0;
				TARGETED_DEVICE_FAMILY = "1,2";
			};
			name = Release;
		};
/* End XCBuildConfiguration section */

/* Begin XCConfigurationList section */
		7FEA01A02491A797004812CC /* Build configuration list for PBXProject "ToDoodle" */ = {
			isa = XCConfigurationList;
			buildConfigurations = (
				7FEA01B72491A79B004812CC /* Debug */,
				7FEA01B82491A79B004812CC /* Release */,
			);
			defaultConfigurationIsVisible = 0;
			defaultConfigurationName = Release;
		};
		7FEA01B92491A79B004812CC /* Build configuration list for PBXNativeTarget "ToDoodle" */ = {
			isa = XCConfigurationList;
			buildConfigurations = (
				7FEA01BA2491A79B004812CC /* Debug */,
				7FEA01BB2491A79B004812CC /* Release */,
			);
			defaultConfigurationIsVisible = 0;
			defaultConfigurationName = Release;
		};
/* End XCConfigurationList section */
	};
	rootObject = 7FEA019D2491A797004812CC /* Project object */;
}
